
Microsoft Visual Studio Solution File, Format Version 12.00
# Visual Studio Version 17
VisualStudioVersion = 17.14.36511.14 d17.14
MinimumVisualStudioVersion = 10.0.40219.1
Project("{FAE04EC0-301F-11D3-BF4B-00C04F79EFBC}") = "RWVDCS.RemotingAdapter", "RWVDCS.RemotingAdapter.csproj", "{0F3765DA-4769-CD03-1316-F2CC80AC1504}"
EndProject
Project("{FAE04EC0-301F-11D3-BF4B-00C04F79EFBC}") = "RWVDCS.CompatProtocol", "..\RWVDCS.CompatProtocol\RWVDCS.CompatProtocol.csproj", "{D97B65C4-2C54-4AAB-94F4-CC2D0173D315}"
EndProject
Global
	GlobalSection(SolutionConfigurationPlatforms) = preSolution
		Debug|Any CPU = Debug|Any CPU
		Release|Any CPU = Release|Any CPU
	EndGlobalSection
	GlobalSection(ProjectConfigurationPlatforms) = postSolution
		{0F3765DA-4769-CD03-1316-F2CC80AC1504}.Debug|Any CPU.ActiveCfg = Debug|Any CPU
		{0F3765DA-4769-CD03-1316-F2CC80AC1504}.Debug|Any CPU.Build.0 = Debug|Any CPU
		{0F3765DA-4769-CD03-1316-F2CC80AC1504}.Release|Any CPU.ActiveCfg = Release|Any CPU
		{0F3765DA-4769-CD03-1316-F2CC80AC1504}.Release|Any CPU.Build.0 = Release|Any CPU
		{D97B65C4-2C54-4AAB-94F4-CC2D0173D315}.Debug|Any CPU.ActiveCfg = Debug|Any CPU
		{D97B65C4-2C54-4AAB-94F4-CC2D0173D315}.Debug|Any CPU.Build.0 = Debug|Any CPU
		{D97B65C4-2C54-4AAB-94F4-CC2D0173D315}.Release|Any CPU.ActiveCfg = Release|Any CPU
		{D97B65C4-2C54-4AAB-94F4-CC2D0173D315}.Release|Any CPU.Build.0 = Release|Any CPU
	EndGlobalSection
	GlobalSection(SolutionProperties) = preSolution
		HideSolutionNode = FALSE
	EndGlobalSection
	GlobalSection(ExtensibilityGlobals) = postSolution
		SolutionGuid = {3705C16B-E8BA-46B4-8B31-089A166C2061}
	EndGlobalSection
EndGlobal
